
Microsoft Visual Studio Solution File, Format Version 12.00
# Visual Studio Version 17
VisualStudioVersion = 17.9.34723.18
MinimumVisualStudioVersion = 10.0.40219.1
Project("{FAE04EC0-301F-11D3-BF4B-00C04F79EFBC}") = "num3", "num3.csproj", "{D53F63D0-706D-42CC-82F6-B568EF0E624D}"
EndProject
Global
	GlobalSection(SolutionConfigurationPlatforms) = preSolution
		Debug|Any CPU = Debug|Any CPU
		Release|Any CPU = Release|Any CPU
	EndGlobalSection
	GlobalSection(ProjectConfigurationPlatforms) = postSolution
		{D53F63D0-706D-42CC-82F6-B568EF0E624D}.Debug|Any CPU.ActiveCfg = Debug|Any CPU
		{D53F63D0-706D-42CC-82F6-B568EF0E624D}.Debug|Any CPU.Build.0 = Debug|Any CPU
		{D53F63D0-706D-42CC-82F6-B568EF0E624D}.Release|Any CPU.ActiveCfg = Release|Any CPU
		{D53F63D0-706D-42CC-82F6-B568EF0E624D}.Release|Any CPU.Build.0 = Release|Any CPU
	EndGlobalSection
	GlobalSection(SolutionProperties) = preSolution
		HideSolutionNode = FALSE
	EndGlobalSection
	GlobalSection(ExtensibilityGlobals) = postSolution
		SolutionGuid = {5EEB8CAB-A3E9-43FE-B757-788131F56783}
	EndGlobalSection
EndGlobal
